// !$*UTF8*$!
{
	archiveVersion = 1;
	classes = {
	};
	objectVersion = 56;
	objects = {

/* Begin PBXBuildFile section */
		0541DD052A01272F00CD71DE /* MovieTableViewCell.swift in Sources */ = {isa = PBXBuildFile; fileRef = 0541DD042A01272F00CD71DE /* MovieTableViewCell.swift */; };
		057D592729FBD7D6006D82A1 /* AppDelegate.swift in Sources */ = {isa = PBXBuildFile; fileRef = 057D592629FBD7D6006D82A1 /* AppDelegate.swift */; };
		057D592929FBD7D6006D82A1 /* SceneDelegate.swift in Sources */ = {isa = PBXBuildFile; fileRef = 057D592829FBD7D6006D82A1 /* SceneDelegate.swift */; };
		057D592B29FBD7D6006D82A1 /* ViewController.swift in Sources */ = {isa = PBXBuildFile; fileRef = 057D592A29FBD7D6006D82A1 /* ViewController.swift */; };
		057D592E29FBD7D6006D82A1 /* Main.storyboard in Resources */ = {isa = PBXBuildFile; fileRef = 057D592C29FBD7D6006D82A1 /* Main.storyboard */; };
		057D593129FBD7D6006D82A1 /* StuKC_in_the_Movie.xcdatamodeld in Sources */ = {isa = PBXBuildFile; fileRef = 057D592F29FBD7D6006D82A1 /* StuKC_in_the_Movie.xcdatamodeld */; };
		057D593329FBD7D7006D82A1 /* Assets.xcassets in Resources */ = {isa = PBXBuildFile; fileRef = 057D593229FBD7D7006D82A1 /* Assets.xcassets */; };
		057D593629FBD7D7006D82A1 /* LaunchScreen.storyboard in Resources */ = {isa = PBXBuildFile; fileRef = 057D593429FBD7D7006D82A1 /* LaunchScreen.storyboard */; };
		057D594129FBD7D7006D82A1 /* StuKC_in_the_MovieTests.swift in Sources */ = {isa = PBXBuildFile; fileRef = 057D594029FBD7D7006D82A1 /* StuKC_in_the_MovieTests.swift */; };
		057D594B29FBD7D7006D82A1 /* StuKC_in_the_MovieUITests.swift in Sources */ = {isa = PBXBuildFile; fileRef = 057D594A29FBD7D7006D82A1 /* StuKC_in_the_MovieUITests.swift */; };
		057D594D29FBD7D7006D82A1 /* StuKC_in_the_MovieUITestsLaunchTests.swift in Sources */ = {isa = PBXBuildFile; fileRef = 057D594C29FBD7D7006D82A1 /* StuKC_in_the_MovieUITestsLaunchTests.swift */; };
		05FEF0FE29FD1FD7004D4635 /* LoginViewController.swift in Sources */ = {isa = PBXBuildFile; fileRef = 05FEF0FD29FD1FD7004D4635 /* LoginViewController.swift */; };
		05FEF10029FD2162004D4635 /* RegisterViewController.swift in Sources */ = {isa = PBXBuildFile; fileRef = 05FEF0FF29FD2162004D4635 /* RegisterViewController.swift */; };
		05FEF10229FD2C47004D4635 /* DashboardViewController.swift in Sources */ = {isa = PBXBuildFile; fileRef = 05FEF10129FD2C47004D4635 /* DashboardViewController.swift */; };
		05FEF10429FD316A004D4635 /* ManageMoviesViewController.swift in Sources */ = {isa = PBXBuildFile; fileRef = 05FEF10329FD316A004D4635 /* ManageMoviesViewController.swift */; };
/* End PBXBuildFile section */

/* Begin PBXContainerItemProxy section */
		057D593D29FBD7D7006D82A1 /* PBXContainerItemProxy */ = {
			isa = PBXContainerItemProxy;
			containerPortal = 057D591B29FBD7D5006D82A1 /* Project object */;
			proxyType = 1;
			remoteGlobalIDString = 057D592229FBD7D6006D82A1;
			remoteInfo = "StuKC in the Movie";
		};
		057D594729FBD7D7006D82A1 /* PBXContainerItemProxy */ = {
			isa = PBXContainerItemProxy;
			containerPortal = 057D591B29FBD7D5006D82A1 /* Project object */;
			proxyType = 1;
			remoteGlobalIDString = 057D592229FBD7D6006D82A1;
			remoteInfo = "StuKC in the Movie";
		};
/* End PBXContainerItemProxy section */

/* Begin PBXFileReference section */
		0541DD042A01272F00CD71DE /* MovieTableViewCell.swift */ = {isa = PBXFileReference; lastKnownFileType = sourcecode.swift; path = MovieTableViewCell.swift; sourceTree = "<group>"; };
		057D592329FBD7D6006D82A1 /* StuKC in the Movie.app */ = {isa = PBXFileReference; explicitFileType = wrapper.application; includeInIndex = 0; path = "StuKC in the Movie.app"; sourceTree = BUILT_PRODUCTS_DIR; };
		057D592629FBD7D6006D82A1 /* AppDelegate.swift */ = {isa = PBXFileReference; lastKnownFileType = sourcecode.swift; path = AppDelegate.swift; sourceTree = "<group>"; };
		057D592829FBD7D6006D82A1 /* SceneDelegate.swift */ = {isa = PBXFileReference; lastKnownFileType = sourcecode.swift; path = SceneDelegate.swift; sourceTree = "<group>"; };
		057D592A29FBD7D6006D82A1 /* ViewController.swift */ = {isa = PBXFileReference; lastKnownFileType = sourcecode.swift; path = ViewController.swift; sourceTree = "<group>"; };
		057D592D29FBD7D6006D82A1 /* Base */ = {isa = PBXFileReference; lastKnownFileType = file.storyboard; name = Base; path = Base.lproj/Main.storyboard; sourceTree = "<group>"; };
		057D593029FBD7D6006D82A1 /* StuKC_in_the_Movie.xcdatamodel */ = {isa = PBXFileReference; lastKnownFileType = wrapper.xcdatamodel; path = StuKC_in_the_Movie.xcdatamodel; sourceTree = "<group>"; };
		057D593229FBD7D7006D82A1 /* Assets.xcassets */ = {isa = PBXFileReference; lastKnownFileType = folder.assetcatalog; path = Assets.xcassets; sourceTree = "<group>"; };
		057D593529FBD7D7006D82A1 /* Base */ = {isa = PBXFileReference; lastKnownFileType = file.storyboard; name = Base; path = Base.lproj/LaunchScreen.storyboard; sourceTree = "<group>"; };
		057D593729FBD7D7006D82A1 /* Info.plist */ = {isa = PBXFileReference; lastKnownFileType = text.plist.xml; path = Info.plist; sourceTree = "<group>"; };
		057D593C29FBD7D7006D82A1 /* StuKC in the MovieTests.xctest */ = {isa = PBXFileReference; explicitFileType = wrapper.cfbundle; includeInIndex = 0; path = "StuKC in the MovieTests.xctest"; sourceTree = BUILT_PRODUCTS_DIR; };
		057D594029FBD7D7006D82A1 /* StuKC_in_the_MovieTests.swift */ = {isa = PBXFileReference; lastKnownFileType = sourcecode.swift; path = StuKC_in_the_MovieTests.swift; sourceTree = "<group>"; };
		057D594629FBD7D7006D82A1 /* StuKC in the MovieUITests.xctest */ = {isa = PBXFileReference; explicitFileType = wrapper.cfbundle; includeInIndex = 0; path = "StuKC in the MovieUITests.xctest"; sourceTree = BUILT_PRODUCTS_DIR; };
		057D594A29FBD7D7006D82A1 /* StuKC_in_the_MovieUITests.swift */ = {isa = PBXFileReference; lastKnownFileType = sourcecode.swift; path = StuKC_in_the_MovieUITests.swift; sourceTree = "<group>"; };
		057D594C29FBD7D7006D82A1 /* StuKC_in_the_MovieUITestsLaunchTests.swift */ = {isa = PBXFileReference; lastKnownFileType = sourcecode.swift; path = StuKC_in_the_MovieUITestsLaunchTests.swift; sourceTree = "<group>"; };
		05FEF0FD29FD1FD7004D4635 /* LoginViewController.swift */ = {isa = PBXFileReference; lastKnownFileType = sourcecode.swift; path = LoginViewController.swift; sourceTree = "<group>"; };
		05FEF0FF29FD2162004D4635 /* RegisterViewController.swift */ = {isa = PBXFileReference; lastKnownFileType = sourcecode.swift; path = RegisterViewController.swift; sourceTree = "<group>"; };
		05FEF10129FD2C47004D4635 /* DashboardViewController.swift */ = {isa = PBXFileReference; lastKnownFileType = sourcecode.swift; path = DashboardViewController.swift; sourceTree = "<group>"; };
		05FEF10329FD316A004D4635 /* ManageMoviesViewController.swift */ = {isa = PBXFileReference; lastKnownFileType = sourcecode.swift; path = ManageMoviesViewController.swift; sourceTree = "<group>"; };
/* End PBXFileReference section */

/* Begin PBXFrameworksBuildPhase section */
		057D592029FBD7D6006D82A1 /* Frameworks */ = {
			isa = PBXFrameworksBuildPhase;
			buildActionMask = 2147483647;
			files = (
			);
			runOnlyForDeploymentPostprocessing = 0;
		};
		057D593929FBD7D7006D82A1 /* Frameworks */ = {
			isa = PBXFrameworksBuildPhase;
			buildActionMask = 2147483647;
			files = (
			);
			runOnlyForDeploymentPostprocessing = 0;
		};
		057D594329FBD7D7006D82A1 /* Frameworks */ = {
			isa = PBXFrameworksBuildPhase;
			buildActionMask = 2147483647;
			files = (
			);
			runOnlyForDeploymentPostprocessing = 0;
		};
/* End PBXFrameworksBuildPhase section */

/* Begin PBXGroup section */
		057D591A29FBD7D5006D82A1 = {
			isa = PBXGroup;
			children = (
				057D592529FBD7D6006D82A1 /* StuKC in the Movie */,
				057D593F29FBD7D7006D82A1 /* StuKC in the MovieTests */,
				057D594929FBD7D7006D82A1 /* StuKC in the MovieUITests */,
				057D592429FBD7D6006D82A1 /* Products */,
			);
			sourceTree = "<group>";
		};
		057D592429FBD7D6006D82A1 /* Products */ = {
			isa = PBXGroup;
			children = (
				057D592329FBD7D6006D82A1 /* StuKC in the Movie.app */,
				057D593C29FBD7D7006D82A1 /* StuKC in the MovieTests.xctest */,
				057D594629FBD7D7006D82A1 /* StuKC in the MovieUITests.xctest */,
			);
			name = Products;
			sourceTree = "<group>";
		};
		057D592529FBD7D6006D82A1 /* StuKC in the Movie */ = {
			isa = PBXGroup;
			children = (
				05FEF0FC29FD1FA0004D4635 /* ViewController */,
				057D592629FBD7D6006D82A1 /* AppDelegate.swift */,
				057D592829FBD7D6006D82A1 /* SceneDelegate.swift */,
				057D592A29FBD7D6006D82A1 /* ViewController.swift */,
				057D592C29FBD7D6006D82A1 /* Main.storyboard */,
				057D593229FBD7D7006D82A1 /* Assets.xcassets */,
				057D593429FBD7D7006D82A1 /* LaunchScreen.storyboard */,
				057D593729FBD7D7006D82A1 /* Info.plist */,
				057D592F29FBD7D6006D82A1 /* StuKC_in_the_Movie.xcdatamodeld */,
			);
			path = "StuKC in the Movie";
			sourceTree = "<group>";
		};
		057D593F29FBD7D7006D82A1 /* StuKC in the MovieTests */ = {
			isa = PBXGroup;
			children = (
				057D594029FBD7D7006D82A1 /* StuKC_in_the_MovieTests.swift */,
			);
			path = "StuKC in the MovieTests";
			sourceTree = "<group>";
		};
		057D594929FBD7D7006D82A1 /* StuKC in the MovieUITests */ = {
			isa = PBXGroup;
			children = (
				057D594A29FBD7D7006D82A1 /* StuKC_in_the_MovieUITests.swift */,
				057D594C29FBD7D7006D82A1 /* StuKC_in_the_MovieUITestsLaunchTests.swift */,
			);
			path = "StuKC in the MovieUITests";
			sourceTree = "<group>";
		};
		05FEF0FC29FD1FA0004D4635 /* ViewController */ = {
			isa = PBXGroup;
			children = (
				05FEF0FD29FD1FD7004D4635 /* LoginViewController.swift */,
				05FEF0FF29FD2162004D4635 /* RegisterViewController.swift */,
				05FEF10129FD2C47004D4635 /* DashboardViewController.swift */,
				05FEF10329FD316A004D4635 /* ManageMoviesViewController.swift */,
				0541DD042A01272F00CD71DE /* MovieTableViewCell.swift */,
			);
			path = ViewController;
			sourceTree = "<group>";
		};
/* End PBXGroup section */

/* Begin PBXNativeTarget section */
		057D592229FBD7D6006D82A1 /* StuKC in the Movie */ = {
			isa = PBXNativeTarget;
			buildConfigurationList = 057D595029FBD7D7006D82A1 /* Build configuration list for PBXNativeTarget "StuKC in the Movie" */;
			buildPhases = (
				057D591F29FBD7D6006D82A1 /* Sources */,
				057D592029FBD7D6006D82A1 /* Frameworks */,
				057D592129FBD7D6006D82A1 /* Resources */,
			);
			buildRules = (
			);
			dependencies = (
			);
			name = "StuKC in the Movie";
			productName = "StuKC in the Movie";
			productReference = 057D592329FBD7D6006D82A1 /* StuKC in the Movie.app */;
			productType = "com.apple.product-type.application";
		};
		057D593B29FBD7D7006D82A1 /* StuKC in the MovieTests */ = {
			isa = PBXNativeTarget;
			buildConfigurationList = 057D595329FBD7D7006D82A1 /* Build configuration list for PBXNativeTarget "StuKC in the MovieTests" */;
			buildPhases = (
				057D593829FBD7D7006D82A1 /* Sources */,
				057D593929FBD7D7006D82A1 /* Frameworks */,
				057D593A29FBD7D7006D82A1 /* Resources */,
			);
			buildRules = (
			);
			dependencies = (
				057D593E29FBD7D7006D82A1 /* PBXTargetDependency */,
			);
			name = "StuKC in the MovieTests";
			productName = "StuKC in the MovieTests";
			productReference = 057D593C29FBD7D7006D82A1 /* StuKC in the MovieTests.xctest */;
			productType = "com.apple.product-type.bundle.unit-test";
		};
		057D594529FBD7D7006D82A1 /* StuKC in the MovieUITests */ = {
			isa = PBXNativeTarget;
			buildConfigurationList = 057D595629FBD7D7006D82A1 /* Build configuration list for PBXNativeTarget "StuKC in the MovieUITests" */;
			buildPhases = (
				057D594229FBD7D7006D82A1 /* Sources */,
				057D594329FBD7D7006D82A1 /* Frameworks */,
				057D594429FBD7D7006D82A1 /* Resources */,
			);
			buildRules = (
			);
			dependencies = (
				057D594829FBD7D7006D82A1 /* PBXTargetDependency */,
			);
			name = "StuKC in the MovieUITests";
			productName = "StuKC in the MovieUITests";
			productReference = 057D594629FBD7D7006D82A1 /* StuKC in the MovieUITests.xctest */;
			productType = "com.apple.product-type.bundle.ui-testing";
		};
/* End PBXNativeTarget section */

/* Begin PBXProject section */
		057D591B29FBD7D5006D82A1 /* Project object */ = {
			isa = PBXProject;
			attributes = {
				BuildIndependentTargetsInParallel = 1;
				LastSwiftUpdateCheck = 1410;
				LastUpgradeCheck = 1410;
				TargetAttributes = {
					057D592229FBD7D6006D82A1 = {
						CreatedOnToolsVersion = 14.1;
					};
					057D593B29FBD7D7006D82A1 = {
						CreatedOnToolsVersion = 14.1;
						TestTargetID = 057D592229FBD7D6006D82A1;
					};
					057D594529FBD7D7006D82A1 = {
						CreatedOnToolsVersion = 14.1;
						TestTargetID = 057D592229FBD7D6006D82A1;
					};
				};
			};
			buildConfigurationList = 057D591E29FBD7D5006D82A1 /* Build configuration list for PBXProject "StuKC in the Movie" */;
			compatibilityVersion = "Xcode 14.0";
			developmentRegion = en;
			hasScannedForEncodings = 0;
			knownRegions = (
				en,
				Base,
			);
			mainGroup = 057D591A29FBD7D5006D82A1;
			productRefGroup = 057D592429FBD7D6006D82A1 /* Products */;
			projectDirPath = "";
			projectRoot = "";
			targets = (
				057D592229FBD7D6006D82A1 /* StuKC in the Movie */,
				057D593B29FBD7D7006D82A1 /* StuKC in the MovieTests */,
				057D594529FBD7D7006D82A1 /* StuKC in the MovieUITests */,
			);
		};
/* End PBXProject section */

/* Begin PBXResourcesBuildPhase section */
		057D592129FBD7D6006D82A1 /* Resources */ = {
			isa = PBXResourcesBuildPhase;
			buildActionMask = 2147483647;
			files = (
				057D593629FBD7D7006D82A1 /* LaunchScreen.storyboard in Resources */,
				057D593329FBD7D7006D82A1 /* Assets.xcassets in Resources */,
				057D592E29FBD7D6006D82A1 /* Main.storyboard in Resources */,
			);
			runOnlyForDeploymentPostprocessing = 0;
		};
		057D593A29FBD7D7006D82A1 /* Resources */ = {
			isa = PBXResourcesBuildPhase;
			buildActionMask = 2147483647;
			files = (
			);
			runOnlyForDeploymentPostprocessing = 0;
		};
		057D594429FBD7D7006D82A1 /* Resources */ = {
			isa = PBXResourcesBuildPhase;
			buildActionMask = 2147483647;
			files = (
			);
			runOnlyForDeploymentPostprocessing = 0;
		};
/* End PBXResourcesBuildPhase section */

/* Begin PBXSourcesBuildPhase section */
		057D591F29FBD7D6006D82A1 /* Sources */ = {
			isa = PBXSourcesBuildPhase;
			buildActionMask = 2147483647;
			files = (
				057D592B29FBD7D6006D82A1 /* ViewController.swift in Sources */,
				05FEF10229FD2C47004D4635 /* DashboardViewController.swift in Sources */,
				0541DD052A01272F00CD71DE /* MovieTableViewCell.swift in Sources */,
				057D592729FBD7D6006D82A1 /* AppDelegate.swift in Sources */,
				057D593129FBD7D6006D82A1 /* StuKC_in_the_Movie.xcdatamodeld in Sources */,
				05FEF10429FD316A004D4635 /* ManageMoviesViewController.swift in Sources */,
				05FEF10029FD2162004D4635 /* RegisterViewController.swift in Sources */,
				05FEF0FE29FD1FD7004D4635 /* LoginViewController.swift in Sources */,
				057D592929FBD7D6006D82A1 /* SceneDelegate.swift in Sources */,
			);
			runOnlyForDeploymentPostprocessing = 0;
		};
		057D593829FBD7D7006D82A1 /* Sources */ = {
			isa = PBXSourcesBuildPhase;
			buildActionMask = 2147483647;
			files = (
				057D594129FBD7D7006D82A1 /* StuKC_in_the_MovieTests.swift in Sources */,
			);
			runOnlyForDeploymentPostprocessing = 0;
		};
		057D594229FBD7D7006D82A1 /* Sources */ = {
			isa = PBXSourcesBuildPhase;
			buildActionMask = 2147483647;
			files = (
				057D594B29FBD7D7006D82A1 /* StuKC_in_the_MovieUITests.swift in Sources */,
				057D594D29FBD7D7006D82A1 /* StuKC_in_the_MovieUITestsLaunchTests.swift in Sources */,
			);
			runOnlyForDeploymentPostprocessing = 0;
		};
/* End PBXSourcesBuildPhase section */

/* Begin PBXTargetDependency section */
		057D593E29FBD7D7006D82A1 /* PBXTargetDependency */ = {
			isa = PBXTargetDependency;
			target = 057D592229FBD7D6006D82A1 /* StuKC in the Movie */;
			targetProxy = 057D593D29FBD7D7006D82A1 /* PBXContainerItemProxy */;
		};
		057D594829FBD7D7006D82A1 /* PBXTargetDependency */ = {
			isa = PBXTargetDependency;
			target = 057D592229FBD7D6006D82A1 /* StuKC in the Movie */;
			targetProxy = 057D594729FBD7D7006D82A1 /* PBXContainerItemProxy */;
		};
/* End PBXTargetDependency section */

/* Begin PBXVariantGroup section */
		057D592C29FBD7D6006D82A1 /* Main.storyboard */ = {
			isa = PBXVariantGroup;
			children = (
				057D592D29FBD7D6006D82A1 /* Base */,
			);
			name = Main.storyboard;
			sourceTree = "<group>";
		};
		057D593429FBD7D7006D82A1 /* LaunchScreen.storyboard */ = {
			isa = PBXVariantGroup;
			children = (
				057D593529FBD7D7006D82A1 /* Base */,
			);
			name = LaunchScreen.storyboard;
			sourceTree = "<group>";
		};
/* End PBXVariantGroup section */

/* Begin XCBuildConfiguration section */
		057D594E29FBD7D7006D82A1 /* Debug */ = {
			isa = XCBuildConfiguration;
			buildSettings = {
				ALWAYS_SEARCH_USER_PATHS = NO;
				CLANG_ANALYZER_NONNULL = YES;
				CLANG_ANALYZER_NUMBER_OBJECT_CONVERSION = YES_AGGRESSIVE;
				CLANG_CXX_LANGUAGE_STANDARD = "gnu++20";
				CLANG_ENABLE_MODULES = YES;
				CLANG_ENABLE_OBJC_ARC = YES;
				CLANG_ENABLE_OBJC_WEAK = YES;
				CLANG_WARN_BLOCK_CAPTURE_AUTORELEASING = YES;
				CLANG_WARN_BOOL_CONVERSION = YES;
				CLANG_WARN_COMMA = YES;
				CLANG_WARN_CONSTANT_CONVERSION = YES;
				CLANG_WARN_DEPRECATED_OBJC_IMPLEMENTATIONS = YES;
				CLANG_WARN_DIRECT_OBJC_ISA_USAGE = YES_ERROR;
				CLANG_WARN_DOCUMENTATION_COMMENTS = YES;
				CLANG_WARN_EMPTY_BODY = YES;
				CLANG_WARN_ENUM_CONVERSION = YES;
				CLANG_WARN_INFINITE_RECURSION = YES;
				CLANG_WARN_INT_CONVERSION = YES;
				CLANG_WARN_NON_LITERAL_NULL_CONVERSION = YES;
				CLANG_WARN_OBJC_IMPLICIT_RETAIN_SELF = YES;
				CLANG_WARN_OBJC_LITERAL_CONVERSION = YES;
				CLANG_WARN_OBJC_ROOT_CLASS = YES_ERROR;
				CLANG_WARN_QUOTED_INCLUDE_IN_FRAMEWORK_HEADER = YES;
				CLANG_WARN_RANGE_LOOP_ANALYSIS = YES;
				CLANG_WARN_STRICT_PROTOTYPES = YES;
				CLANG_WARN_SUSPICIOUS_MOVE = YES;
				CLANG_WARN_UNGUARDED_AVAILABILITY = YES_AGGRESSIVE;
				CLANG_WARN_UNREACHABLE_CODE = YES;
				CLANG_WARN__DUPLICATE_METHOD_MATCH = YES;
				COPY_PHASE_STRIP = NO;
				DEBUG_INFORMATION_FORMAT = dwarf;
				ENABLE_STRICT_OBJC_MSGSEND = YES;
				ENABLE_TESTABILITY = YES;
				GCC_C_LANGUAGE_STANDARD = gnu11;
				GCC_DYNAMIC_NO_PIC = NO;
				GCC_NO_COMMON_BLOCKS = YES;
				GCC_OPTIMIZATION_LEVEL = 0;
				GCC_PREPROCESSOR_DEFINITIONS = (
					"DEBUG=1",
					"$(inherited)",
				);
				GCC_WARN_64_TO_32_BIT_CONVERSION = YES;
				GCC_WARN_ABOUT_RETURN_TYPE = YES_ERROR;
				GCC_WARN_UNDECLARED_SELECTOR = YES;
				GCC_WARN_UNINITIALIZED_AUTOS = YES_AGGRESSIVE;
				GCC_WARN_UNUSED_FUNCTION = YES;
				GCC_WARN_UNUSED_VARIABLE = YES;
				IPHONEOS_DEPLOYMENT_TARGET = 16.1;
				MTL_ENABLE_DEBUG_INFO = INCLUDE_SOURCE;
				MTL_FAST_MATH = YES;
				ONLY_ACTIVE_ARCH = YES;
				SDKROOT = iphoneos;
				SWIFT_ACTIVE_COMPILATION_CONDITIONS = DEBUG;
				SWIFT_OPTIMIZATION_LEVEL = "-Onone";
			};
			name = Debug;
		};
		057D594F29FBD7D7006D82A1 /* Release */ = {
			isa = XCBuildConfiguration;
			buildSettings = {
				ALWAYS_SEARCH_USER_PATHS = NO;
				CLANG_ANALYZER_NONNULL = YES;
				CLANG_ANALYZER_NUMBER_OBJECT_CONVERSION = YES_AGGRESSIVE;
				CLANG_CXX_LANGUAGE_STANDARD = "gnu++20";
				CLANG_ENABLE_MODULES = YES;
				CLANG_ENABLE_OBJC_ARC = YES;
				CLANG_ENABLE_OBJC_WEAK = YES;
				CLANG_WARN_BLOCK_CAPTURE_AUTORELEASING = YES;
				CLANG_WARN_BOOL_CONVERSION = YES;
				CLANG_WARN_COMMA = YES;
				CLANG_WARN_CONSTANT_CONVERSION = YES;
				CLANG_WARN_DEPRECATED_OBJC_IMPLEMENTATIONS = YES;
				CLANG_WARN_DIRECT_OBJC_ISA_USAGE = YES_ERROR;
				CLANG_WARN_DOCUMENTATION_COMMENTS = YES;
				CLANG_WARN_EMPTY_BODY = YES;
				CLANG_WARN_ENUM_CONVERSION = YES;
				CLANG_WARN_INFINITE_RECURSION = YES;
				CLANG_WARN_INT_CONVERSION = YES;
				CLANG_WARN_NON_LITERAL_NULL_CONVERSION = YES;
				CLANG_WARN_OBJC_IMPLICIT_RETAIN_SELF = YES;
				CLANG_WARN_OBJC_LITERAL_CONVERSION = YES;
				CLANG_WARN_OBJC_ROOT_CLASS = YES_ERROR;
				CLANG_WARN_QUOTED_INCLUDE_IN_FRAMEWORK_HEADER = YES;
				CLANG_WARN_RANGE_LOOP_ANALYSIS = YES;
				CLANG_WARN_STRICT_PROTOTYPES = YES;
				CLANG_WARN_SUSPICIOUS_MOVE = YES;
				CLANG_WARN_UNGUARDED_AVAILABILITY = YES_AGGRESSIVE;
				CLANG_WARN_UNREACHABLE_CODE = YES;
				CLANG_WARN__DUPLICATE_METHOD_MATCH = YES;
				COPY_PHASE_STRIP = NO;
				DEBUG_INFORMATION_FORMAT = "dwarf-with-dsym";
				ENABLE_NS_ASSERTIONS = NO;
				ENABLE_STRICT_OBJC_MSGSEND = YES;
				GCC_C_LANGUAGE_STANDARD = gnu11;
				GCC_NO_COMMON_BLOCKS = YES;
				GCC_WARN_64_TO_32_BIT_CONVERSION = YES;
				GCC_WARN_ABOUT_RETURN_TYPE = YES_ERROR;
				GCC_WARN_UNDECLARED_SELECTOR = YES;
				GCC_WARN_UNINITIALIZED_AUTOS = YES_AGGRESSIVE;
				GCC_WARN_UNUSED_FUNCTION = YES;
				GCC_WARN_UNUSED_VARIABLE = YES;
				IPHONEOS_DEPLOYMENT_TARGET = 16.1;
				MTL_ENABLE_DEBUG_INFO = NO;
				MTL_FAST_MATH = YES;
				SDKROOT = iphoneos;
				SWIFT_COMPILATION_MODE = wholemodule;
				SWIFT_OPTIMIZATION_LEVEL = "-O";
				VALIDATE_PRODUCT = YES;
			};
			name = Release;
		};
		057D595129FBD7D7006D82A1 /* Debug */ = {
			isa = XCBuildConfiguration;
			buildSettings = {
				ASSETCATALOG_COMPILER_APPICON_NAME = AppIcon;
				ASSETCATALOG_COMPILER_GLOBAL_ACCENT_COLOR_NAME = AccentColor;
				CODE_SIGN_STYLE = Automatic;
				CURRENT_PROJECT_VERSION = 1;
				GENERATE_INFOPLIST_FILE = YES;
				INFOPLIST_FILE = "StuKC in the Movie/Info.plist";
				INFOPLIST_KEY_UIApplicationSupportsIndirectInputEvents = YES;
				INFOPLIST_KEY_UILaunchStoryboardName = LaunchScreen;
				INFOPLIST_KEY_UIMainStoryboardFile = Main;
				INFOPLIST_KEY_UISupportedInterfaceOrientations_iPad = "UIInterfaceOrientationPortrait UIInterfaceOrientationPortraitUpsideDown UIInterfaceOrientationLandscapeLeft UIInterfaceOrientationLandscapeRight";
				INFOPLIST_KEY_UISupportedInterfaceOrientations_iPhone = "UIInterfaceOrientationPortrait UIInterfaceOrientationLandscapeLeft UIInterfaceOrientationLandscapeRight";
				LD_RUNPATH_SEARCH_PATHS = (
					"$(inherited)",
					"@executable_path/Frameworks",
				);
				MARKETING_VERSION = 1.0;
				PRODUCT_BUNDLE_IDENTIFIER = "kc222.StuKC-in-the-Movie";
				PRODUCT_NAME = "$(TARGET_NAME)";
				SWIFT_EMIT_LOC_STRINGS = YES;
				SWIFT_VERSION = 5.0;
				TARGETED_DEVICE_FAMILY = "1,2";
			};
			name = Debug;
		};
		057D595229FBD7D7006D82A1 /* Release */ = {
			isa = XCBuildConfiguration;
			buildSettings = {
				ASSETCATALOG_COMPILER_APPICON_NAME = AppIcon;
				ASSETCATALOG_COMPILER_GLOBAL_ACCENT_COLOR_NAME = AccentColor;
				CODE_SIGN_STYLE = Automatic;
				CURRENT_PROJECT_VERSION = 1;
				GENERATE_INFOPLIST_FILE = YES;
				INFOPLIST_FILE = "StuKC in the Movie/Info.plist";
				INFOPLIST_KEY_UIApplicationSupportsIndirectInputEvents = YES;
				INFOPLIST_KEY_UILaunchStoryboardName = LaunchScreen;
				INFOPLIST_KEY_UIMainStoryboardFile = Main;
				INFOPLIST_KEY_UISupportedInterfaceOrientations_iPad = "UIInterfaceOrientationPortrait UIInterfaceOrientationPortraitUpsideDown UIInterfaceOrientationLandscapeLeft UIInterfaceOrientationLandscapeRight";
				INFOPLIST_KEY_UISupportedInterfaceOrientations_iPhone = "UIInterfaceOrientationPortrait UIInterfaceOrientationLandscapeLeft UIInterfaceOrientationLandscapeRight";
				LD_RUNPATH_SEARCH_PATHS = (
					"$(inherited)",
					"@executable_path/Frameworks",
				);
				MARKETING_VERSION = 1.0;
				PRODUCT_BUNDLE_IDENTIFIER = "kc222.StuKC-in-the-Movie";
				PRODUCT_NAME = "$(TARGET_NAME)";
				SWIFT_EMIT_LOC_STRINGS = YES;
				SWIFT_VERSION = 5.0;
				TARGETED_DEVICE_FAMILY = "1,2";
			};
			name = Release;
		};
		057D595429FBD7D7006D82A1 /* Debug */ = {
			isa = XCBuildConfiguration;
			buildSettings = {
				ALWAYS_EMBED_SWIFT_STANDARD_LIBRARIES = YES;
				BUNDLE_LOADER = "$(TEST_HOST)";
				CODE_SIGN_STYLE = Automatic;
				CURRENT_PROJECT_VERSION = 1;
				GENERATE_INFOPLIST_FILE = YES;
				IPHONEOS_DEPLOYMENT_TARGET = 16.1;
				MARKETING_VERSION = 1.0;
				PRODUCT_BUNDLE_IDENTIFIER = "kc222.StuKC-in-the-MovieTests";
				PRODUCT_NAME = "$(TARGET_NAME)";
				SWIFT_EMIT_LOC_STRINGS = NO;
				SWIFT_VERSION = 5.0;
				TARGETED_DEVICE_FAMILY = "1,2";
				TEST_HOST = "$(BUILT_PRODUCTS_DIR)/StuKC in the Movie.app/$(BUNDLE_EXECUTABLE_FOLDER_PATH)/StuKC in the Movie";
			};
			name = Debug;
		};
		057D595529FBD7D7006D82A1 /* Release */ = {
			isa = XCBuildConfiguration;
			buildSettings = {
				ALWAYS_EMBED_SWIFT_STANDARD_LIBRARIES = YES;
				BUNDLE_LOADER = "$(TEST_HOST)";
				CODE_SIGN_STYLE = Automatic;
				CURRENT_PROJECT_VERSION = 1;
				GENERATE_INFOPLIST_FILE = YES;
				IPHONEOS_DEPLOYMENT_TARGET = 16.1;
				MARKETING_VERSION = 1.0;
				PRODUCT_BUNDLE_IDENTIFIER = "kc222.StuKC-in-the-MovieTests";
				PRODUCT_NAME = "$(TARGET_NAME)";
				SWIFT_EMIT_LOC_STRINGS = NO;
				SWIFT_VERSION = 5.0;
				TARGETED_DEVICE_FAMILY = "1,2";
				TEST_HOST = "$(BUILT_PRODUCTS_DIR)/StuKC in the Movie.app/$(BUNDLE_EXECUTABLE_FOLDER_PATH)/StuKC in the Movie";
			};
			name = Release;
		};
		057D595729FBD7D7006D82A1 /* Debug */ = {
			isa = XCBuildConfiguration;
			buildSettings = {
				ALWAYS_EMBED_SWIFT_STANDARD_LIBRARIES = YES;
				CODE_SIGN_STYLE = Automatic;
				CURRENT_PROJECT_VERSION = 1;
				GENERATE_INFOPLIST_FILE = YES;
				MARKETING_VERSION = 1.0;
				PRODUCT_BUNDLE_IDENTIFIER = "kc222.StuKC-in-the-MovieUITests";
				PRODUCT_NAME = "$(TARGET_NAME)";
				SWIFT_EMIT_LOC_STRINGS = NO;
				SWIFT_VERSION = 5.0;
				TARGETED_DEVICE_FAMILY = "1,2";
				TEST_TARGET_NAME = "StuKC in the Movie";
			};
			name = Debug;
		};
		057D595829FBD7D7006D82A1 /* Release */ = {
			isa = XCBuildConfiguration;
			buildSettings = {
				ALWAYS_EMBED_SWIFT_STANDARD_LIBRARIES = YES;
				CODE_SIGN_STYLE = Automatic;
				CURRENT_PROJECT_VERSION = 1;
				GENERATE_INFOPLIST_FILE = YES;
				MARKETING_VERSION = 1.0;
				PRODUCT_BUNDLE_IDENTIFIER = "kc222.StuKC-in-the-MovieUITests";
				PRODUCT_NAME = "$(TARGET_NAME)";
				SWIFT_EMIT_LOC_STRINGS = NO;
				SWIFT_VERSION = 5.0;
				TARGETED_DEVICE_FAMILY = "1,2";
				TEST_TARGET_NAME = "StuKC in the Movie";
			};
			name = Release;
		};
/* End XCBuildConfiguration section */

/* Begin XCConfigurationList section */
		057D591E29FBD7D5006D82A1 /* Build configuration list for PBXProject "StuKC in the Movie" */ = {
			isa = XCConfigurationList;
			buildConfigurations = (
				057D594E29FBD7D7006D82A1 /* Debug */,
				057D594F29FBD7D7006D82A1 /* Release */,
			);
			defaultConfigurationIsVisible = 0;
			defaultConfigurationName = Release;
		};
		057D595029FBD7D7006D82A1 /* Build configuration list for PBXNativeTarget "StuKC in the Movie" */ = {
			isa = XCConfigurationList;
			buildConfigurations = (
				057D595129FBD7D7006D82A1 /* Debug */,
				057D595229FBD7D7006D82A1 /* Release */,
			);
			defaultConfigurationIsVisible = 0;
			defaultConfigurationName = Release;
		};
		057D595329FBD7D7006D82A1 /* Build configuration list for PBXNativeTarget "StuKC in the MovieTests" */ = {
			isa = XCConfigurationList;
			buildConfigurations = (
				057D595429FBD7D7006D82A1 /* Debug */,
				057D595529FBD7D7006D82A1 /* Release */,
			);
			defaultConfigurationIsVisible = 0;
			defaultConfigurationName = Release;
		};
		057D595629FBD7D7006D82A1 /* Build configuration list for PBXNativeTarget "StuKC in the MovieUITests" */ = {
			isa = XCConfigurationList;
			buildConfigurations = (
				057D595729FBD7D7006D82A1 /* Debug */,
				057D595829FBD7D7006D82A1 /* Release */,
			);
			defaultConfigurationIsVisible = 0;
			defaultConfigurationName = Release;
		};
/* End XCConfigurationList section */

/* Begin XCVersionGroup section */
		057D592F29FBD7D6006D82A1 /* StuKC_in_the_Movie.xcdatamodeld */ = {
			isa = XCVersionGroup;
			children = (
				057D593029FBD7D6006D82A1 /* StuKC_in_the_Movie.xcdatamodel */,
			);
			currentVersion = 057D593029FBD7D6006D82A1 /* StuKC_in_the_Movie.xcdatamodel */;
			path = StuKC_in_the_Movie.xcdatamodeld;
			sourceTree = "<group>";
			versionGroupType = wrapper.xcdatamodel;
		};
/* End XCVersionGroup section */
	};
	rootObject = 057D591B29FBD7D5006D82A1 /* Project object */;
}
